// !$*UTF8*$!
{
	archiveVersion = 1;
	classes = {
	};
	objectVersion = 50;
	objects = {

/* Begin PBXBuildFile section */
		960A6FB2224688880048ACC5 /* AppDelegate.swift in Sources */ = {isa = PBXBuildFile; fileRef = 960A6FB1224688880048ACC5 /* AppDelegate.swift */; };
		960A6FB4224688880048ACC5 /* ViewController.swift in Sources */ = {isa = PBXBuildFile; fileRef = 960A6FB3224688880048ACC5 /* ViewController.swift */; };
		960A6FB7224688880048ACC5 /* Main.storyboard in Resources */ = {isa = PBXBuildFile; fileRef = 960A6FB5224688880048ACC5 /* Main.storyboard */; };
		960A6FB92246888F0048ACC5 /* Assets.xcassets in Resources */ = {isa = PBXBuildFile; fileRef = 960A6FB82246888F0048ACC5 /* Assets.xcassets */; };
		960A6FBC2246888F0048ACC5 /* LaunchScreen.storyboard in Resources */ = {isa = PBXBuildFile; fileRef = 960A6FBA2246888F0048ACC5 /* LaunchScreen.storyboard */; };
		960A6FC422468E470048ACC5 /* favorites.db in Resources */ = {isa = PBXBuildFile; fileRef = 960A6FC322468E470048ACC5 /* favorites.db */; };
		960A6FC722468EF30048ACC5 /* SitesManager.swift in Sources */ = {isa = PBXBuildFile; fileRef = 960A6FC622468EF30048ACC5 /* SitesManager.swift */; };
		960A6FC9224690EA0048ACC5 /* Site.swift in Sources */ = {isa = PBXBuildFile; fileRef = 960A6FC8224690EA0048ACC5 /* Site.swift */; };
		960A6FCC22469C930048ACC5 /* libsqlite3.tbd in Frameworks */ = {isa = PBXBuildFile; fileRef = 960A6FCB22469C930048ACC5 /* libsqlite3.tbd */; };
		960A6FD922469CD40048ACC5 /* FMDatabaseAdditions.m in Sources */ = {isa = PBXBuildFile; fileRef = 960A6FCF22469CD10048ACC5 /* FMDatabaseAdditions.m */; };
		960A6FDA22469CD40048ACC5 /* FMDatabaseQueue.m in Sources */ = {isa = PBXBuildFile; fileRef = 960A6FD022469CD20048ACC5 /* FMDatabaseQueue.m */; };
		960A6FDB22469CD40048ACC5 /* FMDatabasePool.m in Sources */ = {isa = PBXBuildFile; fileRef = 960A6FD422469CD20048ACC5 /* FMDatabasePool.m */; };
		960A6FDC22469CD40048ACC5 /* FMResultSet.m in Sources */ = {isa = PBXBuildFile; fileRef = 960A6FD622469CD30048ACC5 /* FMResultSet.m */; };
		960A6FDD22469CD40048ACC5 /* FMDatabase.m in Sources */ = {isa = PBXBuildFile; fileRef = 960A6FD822469CD40048ACC5 /* FMDatabase.m */; };
		960A6FDF2246AF580048ACC5 /* FavoritesTableViewController.swift in Sources */ = {isa = PBXBuildFile; fileRef = 960A6FDE2246AF580048ACC5 /* FavoritesTableViewController.swift */; };
/* End PBXBuildFile section */

/* Begin PBXFileReference section */
		960A6FAE224688880048ACC5 /* Popapp v2.0.app */ = {isa = PBXFileReference; explicitFileType = wrapper.application; includeInIndex = 0; path = "Popapp v2.0.app"; sourceTree = BUILT_PRODUCTS_DIR; };
		960A6FB1224688880048ACC5 /* AppDelegate.swift */ = {isa = PBXFileReference; lastKnownFileType = sourcecode.swift; path = AppDelegate.swift; sourceTree = "<group>"; };
		960A6FB3224688880048ACC5 /* ViewController.swift */ = {isa = PBXFileReference; lastKnownFileType = sourcecode.swift; path = ViewController.swift; sourceTree = "<group>"; };
		960A6FB6224688880048ACC5 /* Base */ = {isa = PBXFileReference; lastKnownFileType = file.storyboard; name = Base; path = Base.lproj/Main.storyboard; sourceTree = "<group>"; };
		960A6FB82246888F0048ACC5 /* Assets.xcassets */ = {isa = PBXFileReference; lastKnownFileType = folder.assetcatalog; path = Assets.xcassets; sourceTree = "<group>"; };
		960A6FBB2246888F0048ACC5 /* Base */ = {isa = PBXFileReference; lastKnownFileType = file.storyboard; name = Base; path = Base.lproj/LaunchScreen.storyboard; sourceTree = "<group>"; };
		960A6FBD2246888F0048ACC5 /* Info.plist */ = {isa = PBXFileReference; lastKnownFileType = text.plist.xml; path = Info.plist; sourceTree = "<group>"; };
		960A6FC322468E470048ACC5 /* favorites.db */ = {isa = PBXFileReference; lastKnownFileType = file; path = favorites.db; sourceTree = "<group>"; };
		960A6FC622468EF30048ACC5 /* SitesManager.swift */ = {isa = PBXFileReference; lastKnownFileType = sourcecode.swift; path = SitesManager.swift; sourceTree = "<group>"; };
		960A6FC8224690EA0048ACC5 /* Site.swift */ = {isa = PBXFileReference; lastKnownFileType = sourcecode.swift; path = Site.swift; sourceTree = "<group>"; };
		960A6FCB22469C930048ACC5 /* libsqlite3.tbd */ = {isa = PBXFileReference; lastKnownFileType = "sourcecode.text-based-dylib-definition"; name = libsqlite3.tbd; path = usr/lib/libsqlite3.tbd; sourceTree = SDKROOT; };
		960A6FCD22469CCF0048ACC5 /* Popapp v2.0-Bridging-Header.h */ = {isa = PBXFileReference; lastKnownFileType = sourcecode.c.h; path = "Popapp v2.0-Bridging-Header.h"; sourceTree = "<group>"; };
		960A6FCE22469CD10048ACC5 /* FMDatabasePool.h */ = {isa = PBXFileReference; fileEncoding = 4; lastKnownFileType = sourcecode.c.h; path = FMDatabasePool.h; sourceTree = "<group>"; };
		960A6FCF22469CD10048ACC5 /* FMDatabaseAdditions.m */ = {isa = PBXFileReference; fileEncoding = 4; lastKnownFileType = sourcecode.c.objc; path = FMDatabaseAdditions.m; sourceTree = "<group>"; };
		960A6FD022469CD20048ACC5 /* FMDatabaseQueue.m */ = {isa = PBXFileReference; fileEncoding = 4; lastKnownFileType = sourcecode.c.objc; path = FMDatabaseQueue.m; sourceTree = "<group>"; };
		960A6FD122469CD20048ACC5 /* FMDB.h */ = {isa = PBXFileReference; fileEncoding = 4; lastKnownFileType = sourcecode.c.h; path = FMDB.h; sourceTree = "<group>"; };
		960A6FD222469CD20048ACC5 /* FMResultSet.h */ = {isa = PBXFileReference; fileEncoding = 4; lastKnownFileType = sourcecode.c.h; path = FMResultSet.h; sourceTree = "<group>"; };
		960A6FD322469CD20048ACC5 /* FMDatabaseAdditions.h */ = {isa = PBXFileReference; fileEncoding = 4; lastKnownFileType = sourcecode.c.h; path = FMDatabaseAdditions.h; sourceTree = "<group>"; };
		960A6FD422469CD20048ACC5 /* FMDatabasePool.m */ = {isa = PBXFileReference; fileEncoding = 4; lastKnownFileType = sourcecode.c.objc; path = FMDatabasePool.m; sourceTree = "<group>"; };
		960A6FD522469CD30048ACC5 /* FMDatabaseQueue.h */ = {isa = PBXFileReference; fileEncoding = 4; lastKnownFileType = sourcecode.c.h; path = FMDatabaseQueue.h; sourceTree = "<group>"; };
		960A6FD622469CD30048ACC5 /* FMResultSet.m */ = {isa = PBXFileReference; fileEncoding = 4; lastKnownFileType = sourcecode.c.objc; path = FMResultSet.m; sourceTree = "<group>"; };
		960A6FD722469CD40048ACC5 /* FMDatabase.h */ = {isa = PBXFileReference; fileEncoding = 4; lastKnownFileType = sourcecode.c.h; path = FMDatabase.h; sourceTree = "<group>"; };
		960A6FD822469CD40048ACC5 /* FMDatabase.m */ = {isa = PBXFileReference; fileEncoding = 4; lastKnownFileType = sourcecode.c.objc; path = FMDatabase.m; sourceTree = "<group>"; };
		960A6FDE2246AF580048ACC5 /* FavoritesTableViewController.swift */ = {isa = PBXFileReference; lastKnownFileType = sourcecode.swift; path = FavoritesTableViewController.swift; sourceTree = "<group>"; };
/* End PBXFileReference section */

/* Begin PBXFrameworksBuildPhase section */
		960A6FAB224688880048ACC5 /* Frameworks */ = {
			isa = PBXFrameworksBuildPhase;
			buildActionMask = 2147483647;
			files = (
				960A6FCC22469C930048ACC5 /* libsqlite3.tbd in Frameworks */,
			);
			runOnlyForDeploymentPostprocessing = 0;
		};
/* End PBXFrameworksBuildPhase section */

/* Begin PBXGroup section */
		960A6FA5224688880048ACC5 = {
			isa = PBXGroup;
			children = (
				960A6FB0224688880048ACC5 /* Popapp v2.0 */,
				960A6FAF224688880048ACC5 /* Products */,
				960A6FCA22469C920048ACC5 /* Frameworks */,
			);
			sourceTree = "<group>";
		};
		960A6FAF224688880048ACC5 /* Products */ = {
			isa = PBXGroup;
			children = (
				960A6FAE224688880048ACC5 /* Popapp v2.0.app */,
			);
			name = Products;
			sourceTree = "<group>";
		};
		960A6FB0224688880048ACC5 /* Popapp v2.0 */ = {
			isa = PBXGroup;
			children = (
				960A6FC522468E570048ACC5 /* fmdb */,
				960A6FC322468E470048ACC5 /* favorites.db */,
				960A6FB1224688880048ACC5 /* AppDelegate.swift */,
				960A6FB3224688880048ACC5 /* ViewController.swift */,
				960A6FB5224688880048ACC5 /* Main.storyboard */,
				960A6FDE2246AF580048ACC5 /* FavoritesTableViewController.swift */,
				960A6FB82246888F0048ACC5 /* Assets.xcassets */,
				960A6FBA2246888F0048ACC5 /* LaunchScreen.storyboard */,
				960A6FBD2246888F0048ACC5 /* Info.plist */,
				960A6FC622468EF30048ACC5 /* SitesManager.swift */,
				960A6FC8224690EA0048ACC5 /* Site.swift */,
			);
			path = "Popapp v2.0";
			sourceTree = "<group>";
		};
		960A6FC522468E570048ACC5 /* fmdb */ = {
			isa = PBXGroup;
			children = (
				960A6FD722469CD40048ACC5 /* FMDatabase.h */,
				960A6FD822469CD40048ACC5 /* FMDatabase.m */,
				960A6FD322469CD20048ACC5 /* FMDatabaseAdditions.h */,
				960A6FCF22469CD10048ACC5 /* FMDatabaseAdditions.m */,
				960A6FCE22469CD10048ACC5 /* FMDatabasePool.h */,
				960A6FD422469CD20048ACC5 /* FMDatabasePool.m */,
				960A6FD522469CD30048ACC5 /* FMDatabaseQueue.h */,
				960A6FD022469CD20048ACC5 /* FMDatabaseQueue.m */,
				960A6FD122469CD20048ACC5 /* FMDB.h */,
				960A6FD222469CD20048ACC5 /* FMResultSet.h */,
				960A6FD622469CD30048ACC5 /* FMResultSet.m */,
				960A6FCD22469CCF0048ACC5 /* Popapp v2.0-Bridging-Header.h */,
			);
			path = fmdb;
			sourceTree = "<group>";
		};
		960A6FCA22469C920048ACC5 /* Frameworks */ = {
			isa = PBXGroup;
			children = (
				960A6FCB22469C930048ACC5 /* libsqlite3.tbd */,
			);
			name = Frameworks;
			sourceTree = "<group>";
		};
/* End PBXGroup section */

/* Begin PBXNativeTarget section */
		960A6FAD224688880048ACC5 /* Popapp v2.0 */ = {
			isa = PBXNativeTarget;
			buildConfigurationList = 960A6FC02246888F0048ACC5 /* Build configuration list for PBXNativeTarget "Popapp v2.0" */;
			buildPhases = (
				960A6FAA224688880048ACC5 /* Sources */,
				960A6FAB224688880048ACC5 /* Frameworks */,
				960A6FAC224688880048ACC5 /* Resources */,
			);
			buildRules = (
			);
			dependencies = (
			);
			name = "Popapp v2.0";
			productName = "Popapp v2.0";
			productReference = 960A6FAE224688880048ACC5 /* Popapp v2.0.app */;
			productType = "com.apple.product-type.application";
		};
/* End PBXNativeTarget section */

/* Begin PBXProject section */
		960A6FA6224688880048ACC5 /* Project object */ = {
			isa = PBXProject;
			attributes = {
				LastSwiftUpdateCheck = 1010;
				LastUpgradeCheck = 1010;
				ORGANIZATIONNAME = thinking;
				TargetAttributes = {
					960A6FAD224688880048ACC5 = {
						CreatedOnToolsVersion = 10.1;
						LastSwiftMigration = 1010;
					};
				};
			};
			buildConfigurationList = 960A6FA9224688880048ACC5 /* Build configuration list for PBXProject "Popapp v2.0" */;
			compatibilityVersion = "Xcode 9.3";
			developmentRegion = en;
			hasScannedForEncodings = 0;
			knownRegions = (
				en,
				Base,
			);
			mainGroup = 960A6FA5224688880048ACC5;
			productRefGroup = 960A6FAF224688880048ACC5 /* Products */;
			projectDirPath = "";
			projectRoot = "";
			targets = (
				960A6FAD224688880048ACC5 /* Popapp v2.0 */,
			);
		};
/* End PBXProject section */

/* Begin PBXResourcesBuildPhase section */
		960A6FAC224688880048ACC5 /* Resources */ = {
			isa = PBXResourcesBuildPhase;
			buildActionMask = 2147483647;
			files = (
				960A6FBC2246888F0048ACC5 /* LaunchScreen.storyboard in Resources */,
				960A6FB92246888F0048ACC5 /* Assets.xcassets in Resources */,
				960A6FB7224688880048ACC5 /* Main.storyboard in Resources */,
				960A6FC422468E470048ACC5 /* favorites.db in Resources */,
			);
			runOnlyForDeploymentPostprocessing = 0;
		};
/* End PBXResourcesBuildPhase section */

/* Begin PBXSourcesBuildPhase section */
		960A6FAA224688880048ACC5 /* Sources */ = {
			isa = PBXSourcesBuildPhase;
			buildActionMask = 2147483647;
			files = (
				960A6FB4224688880048ACC5 /* ViewController.swift in Sources */,
				960A6FB2224688880048ACC5 /* AppDelegate.swift in Sources */,
				960A6FC9224690EA0048ACC5 /* Site.swift in Sources */,
				960A6FDF2246AF580048ACC5 /* FavoritesTableViewController.swift in Sources */,
				960A6FDD22469CD40048ACC5 /* FMDatabase.m in Sources */,
				960A6FC722468EF30048ACC5 /* SitesManager.swift in Sources */,
				960A6FDB22469CD40048ACC5 /* FMDatabasePool.m in Sources */,
				960A6FD922469CD40048ACC5 /* FMDatabaseAdditions.m in Sources */,
				960A6FDC22469CD40048ACC5 /* FMResultSet.m in Sources */,
				960A6FDA22469CD40048ACC5 /* FMDatabaseQueue.m in Sources */,
			);
			runOnlyForDeploymentPostprocessing = 0;
		};
/* End PBXSourcesBuildPhase section */

/* Begin PBXVariantGroup section */
		960A6FB5224688880048ACC5 /* Main.storyboard */ = {
			isa = PBXVariantGroup;
			children = (
				960A6FB6224688880048ACC5 /* Base */,
			);
			name = Main.storyboard;
			sourceTree = "<group>";
		};
		960A6FBA2246888F0048ACC5 /* LaunchScreen.storyboard */ = {
			isa = PBXVariantGroup;
			children = (
				960A6FBB2246888F0048ACC5 /* Base */,
			);
			name = LaunchScreen.storyboard;
			sourceTree = "<group>";
		};
/* End PBXVariantGroup section */

/* Begin XCBuildConfiguration section */
		960A6FBE2246888F0048ACC5 /* Debug */ = {
			isa = XCBuildConfiguration;
			buildSettings = {
				ALWAYS_SEARCH_USER_PATHS = NO;
				CLANG_ANALYZER_NONNULL = YES;
				CLANG_ANALYZER_NUMBER_OBJECT_CONVERSION = YES_AGGRESSIVE;
				CLANG_CXX_LANGUAGE_STANDARD = "gnu++14";
				CLANG_CXX_LIBRARY = "libc++";
				CLANG_ENABLE_MODULES = YES;
				CLANG_ENABLE_OBJC_ARC = YES;
				CLANG_ENABLE_OBJC_WEAK = YES;
				CLANG_WARN_BLOCK_CAPTURE_AUTORELEASING = YES;
				CLANG_WARN_BOOL_CONVERSION = YES;
				CLANG_WARN_COMMA = YES;
				CLANG_WARN_CONSTANT_CONVERSION = YES;
				CLANG_WARN_DEPRECATED_OBJC_IMPLEMENTATIONS = YES;
				CLANG_WARN_DIRECT_OBJC_ISA_USAGE = YES_ERROR;
				CLANG_WARN_DOCUMENTATION_COMMENTS = YES;
				CLANG_WARN_EMPTY_BODY = YES;
				CLANG_WARN_ENUM_CONVERSION = YES;
				CLANG_WARN_INFINITE_RECURSION = YES;
				CLANG_WARN_INT_CONVERSION = YES;
				CLANG_WARN_NON_LITERAL_NULL_CONVERSION = YES;
				CLANG_WARN_OBJC_IMPLICIT_RETAIN_SELF = YES;
				CLANG_WARN_OBJC_LITERAL_CONVERSION = YES;
				CLANG_WARN_OBJC_ROOT_CLASS = YES_ERROR;
				CLANG_WARN_RANGE_LOOP_ANALYSIS = YES;
				CLANG_WARN_STRICT_PROTOTYPES = YES;
				CLANG_WARN_SUSPICIOUS_MOVE = YES;
				CLANG_WARN_UNGUARDED_AVAILABILITY = YES_AGGRESSIVE;
				CLANG_WARN_UNREACHABLE_CODE = YES;
				CLANG_WARN__DUPLICATE_METHOD_MATCH = YES;
				CODE_SIGN_IDENTITY = "iPhone Developer";
				COPY_PHASE_STRIP = NO;
				DEBUG_INFORMATION_FORMAT = dwarf;
				ENABLE_STRICT_OBJC_MSGSEND = YES;
				ENABLE_TESTABILITY = YES;
				GCC_C_LANGUAGE_STANDARD = gnu11;
				GCC_DYNAMIC_NO_PIC = NO;
				GCC_NO_COMMON_BLOCKS = YES;
				GCC_OPTIMIZATION_LEVEL = 0;
				GCC_PREPROCESSOR_DEFINITIONS = (
					"DEBUG=1",
					"$(inherited)",
				);
				GCC_WARN_64_TO_32_BIT_CONVERSION = YES;
				GCC_WARN_ABOUT_RETURN_TYPE = YES_ERROR;
				GCC_WARN_UNDECLARED_SELECTOR = YES;
				GCC_WARN_UNINITIALIZED_AUTOS = YES_AGGRESSIVE;
				GCC_WARN_UNUSED_FUNCTION = YES;
				GCC_WARN_UNUSED_VARIABLE = YES;
				IPHONEOS_DEPLOYMENT_TARGET = 12.1;
				MTL_ENABLE_DEBUG_INFO = INCLUDE_SOURCE;
				MTL_FAST_MATH = YES;
				ONLY_ACTIVE_ARCH = YES;
				SDKROOT = iphoneos;
				SWIFT_ACTIVE_COMPILATION_CONDITIONS = DEBUG;
				SWIFT_OPTIMIZATION_LEVEL = "-Onone";
			};
			name = Debug;
		};
		960A6FBF2246888F0048ACC5 /* Release */ = {
			isa = XCBuildConfiguration;
			buildSettings = {
				ALWAYS_SEARCH_USER_PATHS = NO;
				CLANG_ANALYZER_NONNULL = YES;
				CLANG_ANALYZER_NUMBER_OBJECT_CONVERSION = YES_AGGRESSIVE;
				CLANG_CXX_LANGUAGE_STANDARD = "gnu++14";
				CLANG_CXX_LIBRARY = "libc++";
				CLANG_ENABLE_MODULES = YES;
				CLANG_ENABLE_OBJC_ARC = YES;
				CLANG_ENABLE_OBJC_WEAK = YES;
				CLANG_WARN_BLOCK_CAPTURE_AUTORELEASING = YES;
				CLANG_WARN_BOOL_CONVERSION = YES;
				CLANG_WARN_COMMA = YES;
				CLANG_WARN_CONSTANT_CONVERSION = YES;
				CLANG_WARN_DEPRECATED_OBJC_IMPLEMENTATIONS = YES;
				CLANG_WARN_DIRECT_OBJC_ISA_USAGE = YES_ERROR;
				CLANG_WARN_DOCUMENTATION_COMMENTS = YES;
				CLANG_WARN_EMPTY_BODY = YES;
				CLANG_WARN_ENUM_CONVERSION = YES;
				CLANG_WARN_INFINITE_RECURSION = YES;
				CLANG_WARN_INT_CONVERSION = YES;
				CLANG_WARN_NON_LITERAL_NULL_CONVERSION = YES;
				CLANG_WARN_OBJC_IMPLICIT_RETAIN_SELF = YES;
				CLANG_WARN_OBJC_LITERAL_CONVERSION = YES;
				CLANG_WARN_OBJC_ROOT_CLASS = YES_ERROR;
				CLANG_WARN_RANGE_LOOP_ANALYSIS = YES;
				CLANG_WARN_STRICT_PROTOTYPES = YES;
				CLANG_WARN_SUSPICIOUS_MOVE = YES;
				CLANG_WARN_UNGUARDED_AVAILABILITY = YES_AGGRESSIVE;
				CLANG_WARN_UNREACHABLE_CODE = YES;
				CLANG_WARN__DUPLICATE_METHOD_MATCH = YES;
				CODE_SIGN_IDENTITY = "iPhone Developer";
				COPY_PHASE_STRIP = NO;
				DEBUG_INFORMATION_FORMAT = "dwarf-with-dsym";
				ENABLE_NS_ASSERTIONS = NO;
				ENABLE_STRICT_OBJC_MSGSEND = YES;
				GCC_C_LANGUAGE_STANDARD = gnu11;
				GCC_NO_COMMON_BLOCKS = YES;
				GCC_WARN_64_TO_32_BIT_CONVERSION = YES;
				GCC_WARN_ABOUT_RETURN_TYPE = YES_ERROR;
				GCC_WARN_UNDECLARED_SELECTOR = YES;
				GCC_WARN_UNINITIALIZED_AUTOS = YES_AGGRESSIVE;
				GCC_WARN_UNUSED_FUNCTION = YES;
				GCC_WARN_UNUSED_VARIABLE = YES;
				IPHONEOS_DEPLOYMENT_TARGET = 12.1;
				MTL_ENABLE_DEBUG_INFO = NO;
				MTL_FAST_MATH = YES;
				SDKROOT = iphoneos;
				SWIFT_COMPILATION_MODE = wholemodule;
				SWIFT_OPTIMIZATION_LEVEL = "-O";
				VALIDATE_PRODUCT = YES;
			};
			name = Release;
		};
		960A6FC12246888F0048ACC5 /* Debug */ = {
			isa = XCBuildConfiguration;
			buildSettings = {
				ASSETCATALOG_COMPILER_APPICON_NAME = AppIcon;
				CLANG_ENABLE_MODULES = YES;
				CODE_SIGN_STYLE = Automatic;
				INFOPLIST_FILE = "Popapp v2.0/Info.plist";
				LD_RUNPATH_SEARCH_PATHS = (
					"$(inherited)",
					"@executable_path/Frameworks",
				);
				PRODUCT_BUNDLE_IDENTIFIER = "thinking.Popapp-v2-0";
				PRODUCT_NAME = "$(TARGET_NAME)";
				SWIFT_OBJC_BRIDGING_HEADER = "Popapp v2.0/fmdb/Popapp v2.0-Bridging-Header.h";
				SWIFT_OPTIMIZATION_LEVEL = "-Onone";
				SWIFT_VERSION = 4.2;
				TARGETED_DEVICE_FAMILY = "1,2";
			};
			name = Debug;
		};
		960A6FC22246888F0048ACC5 /* Release */ = {
			isa = XCBuildConfiguration;
			buildSettings = {
				ASSETCATALOG_COMPILER_APPICON_NAME = AppIcon;
				CLANG_ENABLE_MODULES = YES;
				CODE_SIGN_STYLE = Automatic;
				INFOPLIST_FILE = "Popapp v2.0/Info.plist";
				LD_RUNPATH_SEARCH_PATHS = (
					"$(inherited)",
					"@executable_path/Frameworks",
				);
				PRODUCT_BUNDLE_IDENTIFIER = "thinking.Popapp-v2-0";
				PRODUCT_NAME = "$(TARGET_NAME)";
				SWIFT_OBJC_BRIDGING_HEADER = "Popapp v2.0/fmdb/Popapp v2.0-Bridging-Header.h";
				SWIFT_VERSION = 4.2;
				TARGETED_DEVICE_FAMILY = "1,2";
			};
			name = Release;
		};
/* End XCBuildConfiguration section */

/* Begin XCConfigurationList section */
		960A6FA9224688880048ACC5 /* Build configuration list for PBXProject "Popapp v2.0" */ = {
			isa = XCConfigurationList;
			buildConfigurations = (
				960A6FBE2246888F0048ACC5 /* Debug */,
				960A6FBF2246888F0048ACC5 /* Release */,
			);
			defaultConfigurationIsVisible = 0;
			defaultConfigurationName = Release;
		};
		960A6FC02246888F0048ACC5 /* Build configuration list for PBXNativeTarget "Popapp v2.0" */ = {
			isa = XCConfigurationList;
			buildConfigurations = (
				960A6FC12246888F0048ACC5 /* Debug */,
				960A6FC22246888F0048ACC5 /* Release */,
			);
			defaultConfigurationIsVisible = 0;
			defaultConfigurationName = Release;
		};
/* End XCConfigurationList section */
	};
	rootObject = 960A6FA6224688880048ACC5 /* Project object */;
}
